
Microsoft Visual Studio Solution File, Format Version 12.00
# Visual Studio Version 17
VisualStudioVersion = 17.0.31903.59
MinimumVisualStudioVersion = 10.0.40219.1
Project("{2150E333-8FDC-42A3-9474-1A3956D46DE8}") = "src", "src", "{827E0CD3-B72D-47B6-A68D-7590B98EB39B}"
EndProject
Project("{FAE04EC0-301F-11D3-BF4B-00C04F79EFBC}") = "SendspinClient.Services", "src\SendspinClient.Services\SendspinClient.Services.csproj", "{5D7F0309-FDB6-48C8-871D-903BE1193B2B}"
EndProject
Project("{FAE04EC0-301F-11D3-BF4B-00C04F79EFBC}") = "SendspinClient", "src\SendspinClient\SendspinClient.csproj", "{BEDF6E56-4B93-49E8-87D2-FC5E9F99F25F}"
EndProject
Project("{FAE04EC0-301F-11D3-BF4B-00C04F79EFBC}") = "Sendspin.SDK", "src\Sendspin.SDK\Sendspin.SDK.csproj", "{F0A64EE7-53B8-4F0A-A7C8-7730607D42EB}"
EndProject
Global
	GlobalSection(SolutionConfigurationPlatforms) = preSolution
		Debug|Any CPU = Debug|Any CPU
		Debug|x64 = Debug|x64
		Debug|x86 = Debug|x86
		Release|Any CPU = Release|Any CPU
		Release|x64 = Release|x64
		Release|x86 = Release|x86
	EndGlobalSection
	GlobalSection(ProjectConfigurationPlatforms) = postSolution
		{5D7F0309-FDB6-48C8-871D-903BE1193B2B}.Debug|Any CPU.ActiveCfg = Debug|Any CPU
		{5D7F0309-FDB6-48C8-871D-903BE1193B2B}.Debug|Any CPU.Build.0 = Debug|Any CPU
		{5D7F0309-FDB6-48C8-871D-903BE1193B2B}.Debug|x64.ActiveCfg = Debug|Any CPU
		{5D7F0309-FDB6-48C8-871D-903BE1193B2B}.Debug|x64.Build.0 = Debug|Any CPU
		{5D7F0309-FDB6-48C8-871D-903BE1193B2B}.Debug|x86.ActiveCfg = Debug|Any CPU
		{5D7F0309-FDB6-48C8-871D-903BE1193B2B}.Debug|x86.Build.0 = Debug|Any CPU
		{5D7F0309-FDB6-48C8-871D-903BE1193B2B}.Release|Any CPU.ActiveCfg = Release|Any CPU
		{5D7F0309-FDB6-48C8-871D-903BE1193B2B}.Release|Any CPU.Build.0 = Release|Any CPU
		{5D7F0309-FDB6-48C8-871D-903BE1193B2B}.Release|x64.ActiveCfg = Release|Any CPU
		{5D7F0309-FDB6-48C8-871D-903BE1193B2B}.Release|x64.Build.0 = Release|Any CPU
		{5D7F0309-FDB6-48C8-871D-903BE1193B2B}.Release|x86.ActiveCfg = Release|Any CPU
		{5D7F0309-FDB6-48C8-871D-903BE1193B2B}.Release|x86.Build.0 = Release|Any CPU
		{BEDF6E56-4B93-49E8-87D2-FC5E9F99F25F}.Debug|Any CPU.ActiveCfg = Debug|Any CPU
		{BEDF6E56-4B93-49E8-87D2-FC5E9F99F25F}.Debug|Any CPU.Build.0 = Debug|Any CPU
		{BEDF6E56-4B93-49E8-87D2-FC5E9F99F25F}.Debug|x64.ActiveCfg = Debug|Any CPU
		{BEDF6E56-4B93-49E8-87D2-FC5E9F99F25F}.Debug|x64.Build.0 = Debug|Any CPU
		{BEDF6E56-4B93-49E8-87D2-FC5E9F99F25F}.Debug|x86.ActiveCfg = Debug|Any CPU
		{BEDF6E56-4B93-49E8-87D2-FC5E9F99F25F}.Debug|x86.Build.0 = Debug|Any CPU
		{BEDF6E56-4B93-49E8-87D2-FC5E9F99F25F}.Release|Any CPU.ActiveCfg = Release|Any CPU
		{BEDF6E56-4B93-49E8-87D2-FC5E9F99F25F}.Release|Any CPU.Build.0 = Release|Any CPU
		{BEDF6E56-4B93-49E8-87D2-FC5E9F99F25F}.Release|x64.ActiveCfg = Release|Any CPU
		{BEDF6E56-4B93-49E8-87D2-FC5E9F99F25F}.Release|x64.Build.0 = Release|Any CPU
		{BEDF6E56-4B93-49E8-87D2-FC5E9F99F25F}.Release|x86.ActiveCfg = Release|Any CPU
		{BEDF6E56-4B93-49E8-87D2-FC5E9F99F25F}.Release|x86.Build.0 = Release|Any CPU
		{F0A64EE7-53B8-4F0A-A7C8-7730607D42EB}.Debug|Any CPU.ActiveCfg = Debug|Any CPU
		{F0A64EE7-53B8-4F0A-A7C8-7730607D42EB}.Debug|Any CPU.Build.0 = Debug|Any CPU
		{F0A64EE7-53B8-4F0A-A7C8-7730607D42EB}.Debug|x64.ActiveCfg = Debug|Any CPU
		{F0A64EE7-53B8-4F0A-A7C8-7730607D42EB}.Debug|x64.Build.0 = Debug|Any CPU
		{F0A64EE7-53B8-4F0A-A7C8-7730607D42EB}.Debug|x86.ActiveCfg = Debug|Any CPU
		{F0A64EE7-53B8-4F0A-A7C8-7730607D42EB}.Debug|x86.Build.0 = Debug|Any CPU
		{F0A64EE7-53B8-4F0A-A7C8-7730607D42EB}.Release|Any CPU.ActiveCfg = Release|Any CPU
		{F0A64EE7-53B8-4F0A-A7C8-7730607D42EB}.Release|Any CPU.Build.0 = Release|Any CPU
		{F0A64EE7-53B8-4F0A-A7C8-7730607D42EB}.Release|x64.ActiveCfg = Release|Any CPU
		{F0A64EE7-53B8-4F0A-A7C8-7730607D42EB}.Release|x64.Build.0 = Release|Any CPU
		{F0A64EE7-53B8-4F0A-A7C8-7730607D42EB}.Release|x86.ActiveCfg = Release|Any CPU
		{F0A64EE7-53B8-4F0A-A7C8-7730607D42EB}.Release|x86.Build.0 = Release|Any CPU
	EndGlobalSection
	GlobalSection(SolutionProperties) = preSolution
		HideSolutionNode = FALSE
	EndGlobalSection
	GlobalSection(NestedProjects) = preSolution
		{5D7F0309-FDB6-48C8-871D-903BE1193B2B} = {827E0CD3-B72D-47B6-A68D-7590B98EB39B}
		{BEDF6E56-4B93-49E8-87D2-FC5E9F99F25F} = {827E0CD3-B72D-47B6-A68D-7590B98EB39B}
		{F0A64EE7-53B8-4F0A-A7C8-7730607D42EB} = {827E0CD3-B72D-47B6-A68D-7590B98EB39B}
	EndGlobalSection
EndGlobal
